
Microsoft Visual Studio Solution File, Format Version 12.00
# Visual Studio Version 17
VisualStudioVersion = 17.4.33205.214
MinimumVisualStudioVersion = 10.0.40219.1
Project("{FAE04EC0-301F-11D3-BF4B-00C04F79EFBC}") = "PoE2StashMacro", "PoE2StashMacro\PoE2StashMacro.csproj", "{4F8FFF0B-7DF2-4C7C-873E-0F1C19744A7A}"
EndProject
Global
	GlobalSection(SolutionConfigurationPlatforms) = preSolution
		Debug|Any CPU = Debug|Any CPU
		Release|Any CPU = Release|Any CPU
	EndGlobalSection
	GlobalSection(ProjectConfigurationPlatforms) = postSolution
		{4F8FFF0B-7DF2-4C7C-873E-0F1C19744A7A}.Debug|Any CPU.ActiveCfg = Debug|Any CPU
		{4F8FFF0B-7DF2-4C7C-873E-0F1C19744A7A}.Debug|Any CPU.Build.0 = Debug|Any CPU
		{4F8FFF0B-7DF2-4C7C-873E-0F1C19744A7A}.Release|Any CPU.ActiveCfg = Release|Any CPU
		{4F8FFF0B-7DF2-4C7C-873E-0F1C19744A7A}.Release|Any CPU.Build.0 = Release|Any CPU
	EndGlobalSection
	GlobalSection(SolutionProperties) = preSolution
		HideSolutionNode = FALSE
	EndGlobalSection
	GlobalSection(ExtensibilityGlobals) = postSolution
		SolutionGuid = {020B9CC6-08DF-42A6-B691-2F4DF3F71D87}
	EndGlobalSection
EndGlobal
